{
  "name": "Glitznest",
  "lockfileVersion": 3,
  "requires": true,
  "packages": {
    "": {
      "dependencies": {
        "dotenv": "^16.4.5",
        "env.js": "^0.1.0"
      }
    },
    "node_modules/dotenv": {
      "version": "16.4.5",
      "resolved": "https://registry.npmjs.org/dotenv/-/dotenv-16.4.5.tgz",
      "integrity": "sha512-ZmdL2rui+eB2YwhsWzjInR8LldtZHGDoQ1ugH85ppHKwpUHL7j7rN0Ti9NCnGiQbhaZ11FpR+7ao1dNsmduNUg==",
      "engines": {
        "node": ">=12"
      },
      "funding": {
        "url": "https://dotenvx.com"
      }
    },
    "node_modules/env.js": {
      "version": "0.1.0",
      "resolved": "https://registry.npmjs.org/env.js/-/env.js-0.1.0.tgz",
      "integrity": "sha512-Amrt2KbwAS+Fetfx7g+ULkhAvF/mHN0DmHvdhi6vGyJN3yX5JBt269d0J0+XS9srldFWm6AgyMTed4sP4Ag3eQ=="
    }
  }
}
